
Microsoft Visual Studio Solution File, Format Version 12.00
# Visual Studio 14
VisualStudioVersion = 14.0.25123.0
MinimumVisualStudioVersion = 10.0.40219.1
Project("{FAE04EC0-301F-11D3-BF4B-00C04F79EFBC}") = "ProductionSchedulerProgram", "ProductionSchedulerProgram\ProductionSchedulerProgram.csproj", "{9F3504AD-677C-4E89-B308-0B4898DBBC71}"
	ProjectSection(ProjectDependencies) = postProject
		{09D5BD0A-ABE0-433D-9DE4-EEF132B0FC28} = {09D5BD0A-ABE0-433D-9DE4-EEF132B0FC28}
	EndProjectSection
EndProject
Project("{FAE04EC0-301F-11D3-BF4B-00C04F79EFBC}") = "ProductionSchedulerLibrary", "..\..\ProductionSchedulerLib\ProductionSchedulerLibrary\ProductionSchedulerLibrary.csproj", "{09D5BD0A-ABE0-433D-9DE4-EEF132B0FC28}"
EndProject
Global
	GlobalSection(SolutionConfigurationPlatforms) = preSolution
		Debug|Any CPU = Debug|Any CPU
		DebugSnk|Any CPU = DebugSnk|Any CPU
		Release|Any CPU = Release|Any CPU
		ReleaseSnk|Any CPU = ReleaseSnk|Any CPU
	EndGlobalSection
	GlobalSection(ProjectConfigurationPlatforms) = postSolution
		{9F3504AD-677C-4E89-B308-0B4898DBBC71}.Debug|Any CPU.ActiveCfg = Debug|Any CPU
		{9F3504AD-677C-4E89-B308-0B4898DBBC71}.Debug|Any CPU.Build.0 = Debug|Any CPU
		{9F3504AD-677C-4E89-B308-0B4898DBBC71}.DebugSnk|Any CPU.ActiveCfg = Debug|Any CPU
		{9F3504AD-677C-4E89-B308-0B4898DBBC71}.DebugSnk|Any CPU.Build.0 = Debug|Any CPU
		{9F3504AD-677C-4E89-B308-0B4898DBBC71}.Release|Any CPU.ActiveCfg = Release|Any CPU
		{9F3504AD-677C-4E89-B308-0B4898DBBC71}.Release|Any CPU.Build.0 = Release|Any CPU
		{9F3504AD-677C-4E89-B308-0B4898DBBC71}.ReleaseSnk|Any CPU.ActiveCfg = Release|Any CPU
		{9F3504AD-677C-4E89-B308-0B4898DBBC71}.ReleaseSnk|Any CPU.Build.0 = Release|Any CPU
		{09D5BD0A-ABE0-433D-9DE4-EEF132B0FC28}.Debug|Any CPU.ActiveCfg = Debug|Any CPU
		{09D5BD0A-ABE0-433D-9DE4-EEF132B0FC28}.Debug|Any CPU.Build.0 = Debug|Any CPU
		{09D5BD0A-ABE0-433D-9DE4-EEF132B0FC28}.DebugSnk|Any CPU.ActiveCfg = Debug|Any CPU
		{09D5BD0A-ABE0-433D-9DE4-EEF132B0FC28}.DebugSnk|Any CPU.Build.0 = Debug|Any CPU
		{09D5BD0A-ABE0-433D-9DE4-EEF132B0FC28}.Release|Any CPU.ActiveCfg = Release|Any CPU
		{09D5BD0A-ABE0-433D-9DE4-EEF132B0FC28}.Release|Any CPU.Build.0 = Release|Any CPU
		{09D5BD0A-ABE0-433D-9DE4-EEF132B0FC28}.ReleaseSnk|Any CPU.ActiveCfg = Release|Any CPU
		{09D5BD0A-ABE0-433D-9DE4-EEF132B0FC28}.ReleaseSnk|Any CPU.Build.0 = Release|Any CPU
	EndGlobalSection
	GlobalSection(SolutionProperties) = preSolution
		HideSolutionNode = FALSE
	EndGlobalSection
EndGlobal
